
Microsoft Visual Studio Solution File, Format Version 11.00
# Visual Studio 2010
Project("{FAE04EC0-301F-11D3-BF4B-00C04F79EFBC}") = "CHAOS.Monitoring.Core", "src\app\CHAOS.Monitoring.Core\CHAOS.Monitoring.Core.csproj", "{89A06E27-EBCB-4DF7-B682-81CE49D44A63}"
EndProject
Project("{FAE04EC0-301F-11D3-BF4B-00C04F79EFBC}") = "CHAOS.Monitoring.Data.EF", "src\app\CHAOS.Monitoring.Data.EF\CHAOS.Monitoring.Data.EF.csproj", "{8BC22628-E258-4285-83C1-D234144B4436}"
EndProject
Project("{FAE04EC0-301F-11D3-BF4B-00C04F79EFBC}") = "CHAOS.Monitoring.Core.Standard.Test", "src\test\CHAOS.Monitoring.Core.Standard.Test\CHAOS.Monitoring.Core.Standard.Test.csproj", "{EF9176AD-2F0E-43D1-A394-9F20F48EE01E}"
EndProject
Project("{2150E333-8FDC-42A3-9474-1A3956D46DE8}") = "test", "test", "{D1B1CA1A-272A-4B91-9AA0-5769DD212BC0}"
EndProject
Project("{2150E333-8FDC-42A3-9474-1A3956D46DE8}") = "app", "app", "{DDA358F8-9DC5-458C-BE5E-35E6E5733B42}"
EndProject
Project("{FAE04EC0-301F-11D3-BF4B-00C04F79EFBC}") = "CHAOS.Monitoring.Plugin.Ping", "src\app\CHAOS.Monitoring.Plugin.Ping\CHAOS.Monitoring.Plugin.Ping.csproj", "{66565654-CDB3-4F7D-995D-13FC3457899E}"
EndProject
Project("{FAE04EC0-301F-11D3-BF4B-00C04F79EFBC}") = "CHAOS.Monitoring.Plugin.Ping.Test", "src\test\CHAOS.Monitoring.Plugin.Ping.Test\CHAOS.Monitoring.Plugin.Ping.Test.csproj", "{B4D5963A-3371-48A0-B7C4-E38E339E75EB}"
EndProject
Project("{FAE04EC0-301F-11D3-BF4B-00C04F79EFBC}") = "CHAOS.Monitoring.Plugin", "src\app\CHAOS.Monitoring.Plugin\CHAOS.Monitoring.Plugin.csproj", "{C57BF330-FDA0-4B18-A285-16E73975153F}"
EndProject
Project("{FAE04EC0-301F-11D3-BF4B-00C04F79EFBC}") = "CHAOS.Monitoring.Plugin.Example", "src\app\CHAOS.Monitoring.Plugin.Example\CHAOS.Monitoring.Plugin.Example.csproj", "{9131D357-7849-48AB-986C-A80B7E2F6716}"
EndProject
Project("{FAE04EC0-301F-11D3-BF4B-00C04F79EFBC}") = "CHAOS.Monitoring.Factory", "src\app\CHAOS.Monitoring.Factory\CHAOS.Monitoring.Factory.csproj", "{D3AC6BAA-0DF0-4035-8DDC-DA37C5C43F4E}"
EndProject
Project("{FAE04EC0-301F-11D3-BF4B-00C04F79EFBC}") = "CHAOS.Monitoring.Core.Test", "src\test\CHAOS.Monitoring.Core.Test\CHAOS.Monitoring.Core.Test.csproj", "{46F31D3A-54DE-4EF9-94F9-59A0006885F8}"
EndProject
Global
	GlobalSection(SolutionConfigurationPlatforms) = preSolution
		Debug|Any CPU = Debug|Any CPU
		Debug|Mixed Platforms = Debug|Mixed Platforms
		Debug|x86 = Debug|x86
		Release|Any CPU = Release|Any CPU
		Release|Mixed Platforms = Release|Mixed Platforms
		Release|x86 = Release|x86
	EndGlobalSection
	GlobalSection(ProjectConfigurationPlatforms) = postSolution
		{89A06E27-EBCB-4DF7-B682-81CE49D44A63}.Debug|Any CPU.ActiveCfg = Debug|Any CPU
		{89A06E27-EBCB-4DF7-B682-81CE49D44A63}.Debug|Any CPU.Build.0 = Debug|Any CPU
		{89A06E27-EBCB-4DF7-B682-81CE49D44A63}.Debug|Mixed Platforms.ActiveCfg = Debug|Any CPU
		{89A06E27-EBCB-4DF7-B682-81CE49D44A63}.Debug|Mixed Platforms.Build.0 = Debug|Any CPU
		{89A06E27-EBCB-4DF7-B682-81CE49D44A63}.Debug|x86.ActiveCfg = Debug|Any CPU
		{89A06E27-EBCB-4DF7-B682-81CE49D44A63}.Release|Any CPU.ActiveCfg = Release|Any CPU
		{89A06E27-EBCB-4DF7-B682-81CE49D44A63}.Release|Any CPU.Build.0 = Release|Any CPU
		{89A06E27-EBCB-4DF7-B682-81CE49D44A63}.Release|Mixed Platforms.ActiveCfg = Release|Any CPU
		{89A06E27-EBCB-4DF7-B682-81CE49D44A63}.Release|Mixed Platforms.Build.0 = Release|Any CPU
		{89A06E27-EBCB-4DF7-B682-81CE49D44A63}.Release|x86.ActiveCfg = Release|Any CPU
		{8BC22628-E258-4285-83C1-D234144B4436}.Debug|Any CPU.ActiveCfg = Debug|Any CPU
		{8BC22628-E258-4285-83C1-D234144B4436}.Debug|Any CPU.Build.0 = Debug|Any CPU
		{8BC22628-E258-4285-83C1-D234144B4436}.Debug|Mixed Platforms.ActiveCfg = Debug|Any CPU
		{8BC22628-E258-4285-83C1-D234144B4436}.Debug|Mixed Platforms.Build.0 = Debug|Any CPU
		{8BC22628-E258-4285-83C1-D234144B4436}.Debug|x86.ActiveCfg = Debug|Any CPU
		{8BC22628-E258-4285-83C1-D234144B4436}.Release|Any CPU.ActiveCfg = Release|Any CPU
		{8BC22628-E258-4285-83C1-D234144B4436}.Release|Any CPU.Build.0 = Release|Any CPU
		{8BC22628-E258-4285-83C1-D234144B4436}.Release|Mixed Platforms.ActiveCfg = Release|Any CPU
		{8BC22628-E258-4285-83C1-D234144B4436}.Release|Mixed Platforms.Build.0 = Release|Any CPU
		{8BC22628-E258-4285-83C1-D234144B4436}.Release|x86.ActiveCfg = Release|Any CPU
		{EF9176AD-2F0E-43D1-A394-9F20F48EE01E}.Debug|Any CPU.ActiveCfg = Debug|Any CPU
		{EF9176AD-2F0E-43D1-A394-9F20F48EE01E}.Debug|Any CPU.Build.0 = Debug|Any CPU
		{EF9176AD-2F0E-43D1-A394-9F20F48EE01E}.Debug|Mixed Platforms.ActiveCfg = Debug|Any CPU
		{EF9176AD-2F0E-43D1-A394-9F20F48EE01E}.Debug|Mixed Platforms.Build.0 = Debug|Any CPU
		{EF9176AD-2F0E-43D1-A394-9F20F48EE01E}.Debug|x86.ActiveCfg = Debug|Any CPU
		{EF9176AD-2F0E-43D1-A394-9F20F48EE01E}.Release|Any CPU.ActiveCfg = Release|Any CPU
		{EF9176AD-2F0E-43D1-A394-9F20F48EE01E}.Release|Any CPU.Build.0 = Release|Any CPU
		{EF9176AD-2F0E-43D1-A394-9F20F48EE01E}.Release|Mixed Platforms.ActiveCfg = Release|Any CPU
		{EF9176AD-2F0E-43D1-A394-9F20F48EE01E}.Release|Mixed Platforms.Build.0 = Release|Any CPU
		{EF9176AD-2F0E-43D1-A394-9F20F48EE01E}.Release|x86.ActiveCfg = Release|Any CPU
		{66565654-CDB3-4F7D-995D-13FC3457899E}.Debug|Any CPU.ActiveCfg = Debug|Any CPU
		{66565654-CDB3-4F7D-995D-13FC3457899E}.Debug|Any CPU.Build.0 = Debug|Any CPU
		{66565654-CDB3-4F7D-995D-13FC3457899E}.Debug|Mixed Platforms.ActiveCfg = Debug|Any CPU
		{66565654-CDB3-4F7D-995D-13FC3457899E}.Debug|Mixed Platforms.Build.0 = Debug|Any CPU
		{66565654-CDB3-4F7D-995D-13FC3457899E}.Debug|x86.ActiveCfg = Debug|Any CPU
		{66565654-CDB3-4F7D-995D-13FC3457899E}.Release|Any CPU.ActiveCfg = Release|Any CPU
		{66565654-CDB3-4F7D-995D-13FC3457899E}.Release|Any CPU.Build.0 = Release|Any CPU
		{66565654-CDB3-4F7D-995D-13FC3457899E}.Release|Mixed Platforms.ActiveCfg = Release|Any CPU
		{66565654-CDB3-4F7D-995D-13FC3457899E}.Release|Mixed Platforms.Build.0 = Release|Any CPU
		{66565654-CDB3-4F7D-995D-13FC3457899E}.Release|x86.ActiveCfg = Release|Any CPU
		{B4D5963A-3371-48A0-B7C4-E38E339E75EB}.Debug|Any CPU.ActiveCfg = Debug|Any CPU
		{B4D5963A-3371-48A0-B7C4-E38E339E75EB}.Debug|Any CPU.Build.0 = Debug|Any CPU
		{B4D5963A-3371-48A0-B7C4-E38E339E75EB}.Debug|Mixed Platforms.ActiveCfg = Debug|Any CPU
		{B4D5963A-3371-48A0-B7C4-E38E339E75EB}.Debug|Mixed Platforms.Build.0 = Debug|Any CPU
		{B4D5963A-3371-48A0-B7C4-E38E339E75EB}.Debug|x86.ActiveCfg = Debug|Any CPU
		{B4D5963A-3371-48A0-B7C4-E38E339E75EB}.Release|Any CPU.ActiveCfg = Release|Any CPU
		{B4D5963A-3371-48A0-B7C4-E38E339E75EB}.Release|Any CPU.Build.0 = Release|Any CPU
		{B4D5963A-3371-48A0-B7C4-E38E339E75EB}.Release|Mixed Platforms.ActiveCfg = Release|Any CPU
		{B4D5963A-3371-48A0-B7C4-E38E339E75EB}.Release|Mixed Platforms.Build.0 = Release|Any CPU
		{B4D5963A-3371-48A0-B7C4-E38E339E75EB}.Release|x86.ActiveCfg = Release|Any CPU
		{C57BF330-FDA0-4B18-A285-16E73975153F}.Debug|Any CPU.ActiveCfg = Debug|Any CPU
		{C57BF330-FDA0-4B18-A285-16E73975153F}.Debug|Any CPU.Build.0 = Debug|Any CPU
		{C57BF330-FDA0-4B18-A285-16E73975153F}.Debug|Mixed Platforms.ActiveCfg = Debug|Any CPU
		{C57BF330-FDA0-4B18-A285-16E73975153F}.Debug|Mixed Platforms.Build.0 = Debug|Any CPU
		{C57BF330-FDA0-4B18-A285-16E73975153F}.Debug|x86.ActiveCfg = Debug|Any CPU
		{C57BF330-FDA0-4B18-A285-16E73975153F}.Release|Any CPU.ActiveCfg = Release|Any CPU
		{C57BF330-FDA0-4B18-A285-16E73975153F}.Release|Any CPU.Build.0 = Release|Any CPU
		{C57BF330-FDA0-4B18-A285-16E73975153F}.Release|Mixed Platforms.ActiveCfg = Release|Any CPU
		{C57BF330-FDA0-4B18-A285-16E73975153F}.Release|Mixed Platforms.Build.0 = Release|Any CPU
		{C57BF330-FDA0-4B18-A285-16E73975153F}.Release|x86.ActiveCfg = Release|Any CPU
		{9131D357-7849-48AB-986C-A80B7E2F6716}.Debug|Any CPU.ActiveCfg = Debug|Any CPU
		{9131D357-7849-48AB-986C-A80B7E2F6716}.Debug|Any CPU.Build.0 = Debug|Any CPU
		{9131D357-7849-48AB-986C-A80B7E2F6716}.Debug|Mixed Platforms.ActiveCfg = Debug|Any CPU
		{9131D357-7849-48AB-986C-A80B7E2F6716}.Debug|Mixed Platforms.Build.0 = Debug|Any CPU
		{9131D357-7849-48AB-986C-A80B7E2F6716}.Debug|x86.ActiveCfg = Debug|Any CPU
		{9131D357-7849-48AB-986C-A80B7E2F6716}.Release|Any CPU.ActiveCfg = Release|Any CPU
		{9131D357-7849-48AB-986C-A80B7E2F6716}.Release|Any CPU.Build.0 = Release|Any CPU
		{9131D357-7849-48AB-986C-A80B7E2F6716}.Release|Mixed Platforms.ActiveCfg = Release|Any CPU
		{9131D357-7849-48AB-986C-A80B7E2F6716}.Release|Mixed Platforms.Build.0 = Release|Any CPU
		{9131D357-7849-48AB-986C-A80B7E2F6716}.Release|x86.ActiveCfg = Release|Any CPU
		{D3AC6BAA-0DF0-4035-8DDC-DA37C5C43F4E}.Debug|Any CPU.ActiveCfg = Debug|Any CPU
		{D3AC6BAA-0DF0-4035-8DDC-DA37C5C43F4E}.Debug|Any CPU.Build.0 = Debug|Any CPU
		{D3AC6BAA-0DF0-4035-8DDC-DA37C5C43F4E}.Debug|Mixed Platforms.ActiveCfg = Debug|Any CPU
		{D3AC6BAA-0DF0-4035-8DDC-DA37C5C43F4E}.Debug|Mixed Platforms.Build.0 = Debug|Any CPU
		{D3AC6BAA-0DF0-4035-8DDC-DA37C5C43F4E}.Debug|x86.ActiveCfg = Debug|Any CPU
		{D3AC6BAA-0DF0-4035-8DDC-DA37C5C43F4E}.Release|Any CPU.ActiveCfg = Release|Any CPU
		{D3AC6BAA-0DF0-4035-8DDC-DA37C5C43F4E}.Release|Any CPU.Build.0 = Release|Any CPU
		{D3AC6BAA-0DF0-4035-8DDC-DA37C5C43F4E}.Release|Mixed Platforms.ActiveCfg = Release|Any CPU
		{D3AC6BAA-0DF0-4035-8DDC-DA37C5C43F4E}.Release|Mixed Platforms.Build.0 = Release|Any CPU
		{D3AC6BAA-0DF0-4035-8DDC-DA37C5C43F4E}.Release|x86.ActiveCfg = Release|Any CPU
		{46F31D3A-54DE-4EF9-94F9-59A0006885F8}.Debug|Any CPU.ActiveCfg = Debug|Any CPU
		{46F31D3A-54DE-4EF9-94F9-59A0006885F8}.Debug|Any CPU.Build.0 = Debug|Any CPU
		{46F31D3A-54DE-4EF9-94F9-59A0006885F8}.Debug|Mixed Platforms.ActiveCfg = Debug|Any CPU
		{46F31D3A-54DE-4EF9-94F9-59A0006885F8}.Debug|Mixed Platforms.Build.0 = Debug|Any CPU
		{46F31D3A-54DE-4EF9-94F9-59A0006885F8}.Debug|x86.ActiveCfg = Debug|Any CPU
		{46F31D3A-54DE-4EF9-94F9-59A0006885F8}.Release|Any CPU.ActiveCfg = Release|Any CPU
		{46F31D3A-54DE-4EF9-94F9-59A0006885F8}.Release|Any CPU.Build.0 = Release|Any CPU
		{46F31D3A-54DE-4EF9-94F9-59A0006885F8}.Release|Mixed Platforms.ActiveCfg = Release|Any CPU
		{46F31D3A-54DE-4EF9-94F9-59A0006885F8}.Release|Mixed Platforms.Build.0 = Release|Any CPU
		{46F31D3A-54DE-4EF9-94F9-59A0006885F8}.Release|x86.ActiveCfg = Release|Any CPU
	EndGlobalSection
	GlobalSection(SolutionProperties) = preSolution
		HideSolutionNode = FALSE
	EndGlobalSection
	GlobalSection(NestedProjects) = preSolution
		{8BC22628-E258-4285-83C1-D234144B4436} = {DDA358F8-9DC5-458C-BE5E-35E6E5733B42}
		{89A06E27-EBCB-4DF7-B682-81CE49D44A63} = {DDA358F8-9DC5-458C-BE5E-35E6E5733B42}
		{66565654-CDB3-4F7D-995D-13FC3457899E} = {DDA358F8-9DC5-458C-BE5E-35E6E5733B42}
		{C57BF330-FDA0-4B18-A285-16E73975153F} = {DDA358F8-9DC5-458C-BE5E-35E6E5733B42}
		{9131D357-7849-48AB-986C-A80B7E2F6716} = {DDA358F8-9DC5-458C-BE5E-35E6E5733B42}
		{D3AC6BAA-0DF0-4035-8DDC-DA37C5C43F4E} = {DDA358F8-9DC5-458C-BE5E-35E6E5733B42}
		{EF9176AD-2F0E-43D1-A394-9F20F48EE01E} = {D1B1CA1A-272A-4B91-9AA0-5769DD212BC0}
		{B4D5963A-3371-48A0-B7C4-E38E339E75EB} = {D1B1CA1A-272A-4B91-9AA0-5769DD212BC0}
		{46F31D3A-54DE-4EF9-94F9-59A0006885F8} = {D1B1CA1A-272A-4B91-9AA0-5769DD212BC0}
	EndGlobalSection
EndGlobal
